
Microsoft Visual Studio Solution File, Format Version 12.00
# Visual Studio Version 17
VisualStudioVersion = 17.11.35327.3
MinimumVisualStudioVersion = 10.0.40219.1
Project("{2150E333-8FDC-42A3-9474-1A3956D46DE8}") = "Task0", "Task0", "{E44EF132-22FA-44EF-B915-2CA2FBC81335}"
EndProject
Project("{9A19103F-16F7-4668-BE54-9A1E7A4F7556}") = "Tyuiu.GizatullinAP.Sprint3.Task0.V19.Lib", "Tyuiu.GizatullinAP.Sprint3.Task0.V19.Lib\Tyuiu.GizatullinAP.Sprint3.Task0.V19.Lib.csproj", "{F5ABF703-BF10-4BED-B11E-6A431935419B}"
EndProject
Project("{9A19103F-16F7-4668-BE54-9A1E7A4F7556}") = "Tyuiu.GizatullinAP.Sprint3.Task0.V19", "Tyuiu.GizatullinAP.Sprint3.Task0.V19\Tyuiu.GizatullinAP.Sprint3.Task0.V19.csproj", "{FE6FFB91-7979-4D23-8A6A-6BF8A7A1A920}"
EndProject
Project("{9A19103F-16F7-4668-BE54-9A1E7A4F7556}") = "Tyuiu.GizatullinAP.Sprint3.Task0.V19.Test", "Tyuiu.GizatullinAP.Sprint3.Task0.V19.Test\Tyuiu.GizatullinAP.Sprint3.Task0.V19.Test.csproj", "{F4E4C4DB-B60B-4059-A6F1-9D03DB2BD7C5}"
EndProject
Project("{2150E333-8FDC-42A3-9474-1A3956D46DE8}") = "Task1", "Task1", "{52006953-35BD-4A21-AAAA-F25BB9AA6B69}"
EndProject
Project("{9A19103F-16F7-4668-BE54-9A1E7A4F7556}") = "Tyuiu.GizatullinAP.Sprint3.Task1.V22.Test", "Tyuiu.GizatullinAP.Sprint3.Task1.V22.Test\Tyuiu.GizatullinAP.Sprint3.Task1.V22.Test.csproj", "{D63EC3B0-AD83-458D-AAB7-63133328BDFC}"
EndProject
Project("{9A19103F-16F7-4668-BE54-9A1E7A4F7556}") = "Tyuiu.GizatullinAP.Sprint3.Task1.V22", "Tyuiu.GizatullinAP.Sprint3.Task1.V22\Tyuiu.GizatullinAP.Sprint3.Task1.V22.csproj", "{7B095C4F-491F-4F73-8996-44193A82B993}"
EndProject
Project("{9A19103F-16F7-4668-BE54-9A1E7A4F7556}") = "Tyuiu.GizatullinAP.Sprint3.Task1.V22.Lib", "Tyuiu.GizatullinAP.Sprint3.Task1.V22.Lib\Tyuiu.GizatullinAP.Sprint3.Task1.V22.Lib.csproj", "{065548DB-7462-4767-873D-4CB3B5D98CF7}"
EndProject
Project("{2150E333-8FDC-42A3-9474-1A3956D46DE8}") = "Task2", "Task2", "{3899BEEE-2CB8-4F06-9F65-0916071EDFF2}"
EndProject
Project("{FAE04EC0-301F-11D3-BF4B-00C04F79EFBC}") = "Tyuiu.GizatullinAP.Sprint3.Task2.V17.Lib", "Tyuiu.GizatullinAP.Sprint3.Task2.V17.Lib\Tyuiu.GizatullinAP.Sprint3.Task2.V17.Lib.csproj", "{6E516F33-D3AE-4AE8-A784-B7E3830A4DB9}"
EndProject
Project("{FAE04EC0-301F-11D3-BF4B-00C04F79EFBC}") = "Tyuiu.GizatullinAP.Sprint3.Task2.V17", "Tyuiu.GizatullinAP.Sprint3.Task2.V17\Tyuiu.GizatullinAP.Sprint3.Task2.V17.csproj", "{7671D078-0DAB-4961-B2F0-A66725BB3751}"
EndProject
Project("{FAE04EC0-301F-11D3-BF4B-00C04F79EFBC}") = "Tyuiu.GizatullinAP.Sprint3.Task2.V17.Test", "Tyuiu.GizatullinAP.Sprint3.Task2.V17.Test\Tyuiu.GizatullinAP.Sprint3.Task2.V17.Test.csproj", "{933EB3C8-423F-4B24-A3EA-B81DE6A58D8A}"
EndProject
Project("{2150E333-8FDC-42A3-9474-1A3956D46DE8}") = "Task3", "Task3", "{F148208B-02FF-45F0-86FC-DA570236BF7A}"
EndProject
Project("{FAE04EC0-301F-11D3-BF4B-00C04F79EFBC}") = "Tyuiu.GizatullinAP.Sprint3.Task3.V20.Test", "Tyuiu.GizatullinAP.Sprint3.Task3.V20.Test\Tyuiu.GizatullinAP.Sprint3.Task3.V20.Test.csproj", "{D4A4540D-477A-4775-8324-7AF866308AFA}"
EndProject
Project("{FAE04EC0-301F-11D3-BF4B-00C04F79EFBC}") = "Tyuiu.GizatullinAP.Sprint3.Task3.V20", "Tyuiu.GizatullinAP.Sprint3.Task3.V20\Tyuiu.GizatullinAP.Sprint3.Task3.V20.csproj", "{107B80C1-BABC-43F7-8C94-9588C272E52F}"
EndProject
Project("{FAE04EC0-301F-11D3-BF4B-00C04F79EFBC}") = "Tyuiu.GizatullinAP.Sprint3.Task3.V20.Lib", "Tyuiu.GizatullinAP.Sprint3.Task3.V20.Lib\Tyuiu.GizatullinAP.Sprint3.Task3.V20.Lib.csproj", "{A55105AD-B7AA-4791-A34F-501374295A67}"
EndProject
Project("{2150E333-8FDC-42A3-9474-1A3956D46DE8}") = "Task4", "Task4", "{DBDAF130-A304-42EB-90D6-0A230EF4D1EA}"
EndProject
Project("{FAE04EC0-301F-11D3-BF4B-00C04F79EFBC}") = "Tyuiu.GizatullinAP.Sprint3.Task4.V29.Lib", "Tyuiu.GizatullinAP.Sprint3.Task4.V29.Lib\Tyuiu.GizatullinAP.Sprint3.Task4.V29.Lib.csproj", "{2657A454-777C-4350-9AE6-6536871358F8}"
EndProject
Project("{FAE04EC0-301F-11D3-BF4B-00C04F79EFBC}") = "Tyuiu.GizatullinAP.Sprint3.Task4.V29", "Tyuiu.GizatullinAP.Sprint3.Task4.V29\Tyuiu.GizatullinAP.Sprint3.Task4.V29.csproj", "{2660B338-EDF7-4895-A0E4-EB222C3EDBAD}"
EndProject
Project("{FAE04EC0-301F-11D3-BF4B-00C04F79EFBC}") = "Tyuiu.GizatullinAP.Sprint3.Task4.V29.Test", "Tyuiu.GizatullinAP.Sprint3.Task4.V29.Test\Tyuiu.GizatullinAP.Sprint3.Task4.V29.Test.csproj", "{42C48508-AA34-461A-B79C-12CD043C2F49}"
EndProject
Project("{2150E333-8FDC-42A3-9474-1A3956D46DE8}") = "Task5", "Task5", "{D91676EE-E00D-4255-A195-F0276225A36C}"
EndProject
Project("{FAE04EC0-301F-11D3-BF4B-00C04F79EFBC}") = "Tyuiu.GizatullinAP.Sprint3.Task5.V17.Test", "Tyuiu.GizatullinAP.Sprint3.Task5.V17.Test\Tyuiu.GizatullinAP.Sprint3.Task5.V17.Test.csproj", "{6F11F608-615B-4320-AA70-0C804B429E9E}"
EndProject
Project("{FAE04EC0-301F-11D3-BF4B-00C04F79EFBC}") = "Tyuiu.GizatullinAP.Sprint3.Task5.V17", "Tyuiu.GizatullinAP.Sprint3.Task5.V17\Tyuiu.GizatullinAP.Sprint3.Task5.V17.csproj", "{159E5B17-69C8-483C-9698-E7A35FB78433}"
EndProject
Project("{FAE04EC0-301F-11D3-BF4B-00C04F79EFBC}") = "Tyuiu.GizatullinAP.Sprint3.Task5.V17.Lib", "Tyuiu.GizatullinAP.Sprint3.Task5.V17.Lib\Tyuiu.GizatullinAP.Sprint3.Task5.V17.Lib.csproj", "{625FCD57-E0CD-4213-9A00-B22EE725B6DE}"
EndProject
Global
	GlobalSection(SolutionConfigurationPlatforms) = preSolution
		Debug|Any CPU = Debug|Any CPU
		Release|Any CPU = Release|Any CPU
	EndGlobalSection
	GlobalSection(ProjectConfigurationPlatforms) = postSolution
		{F5ABF703-BF10-4BED-B11E-6A431935419B}.Debug|Any CPU.ActiveCfg = Debug|Any CPU
		{F5ABF703-BF10-4BED-B11E-6A431935419B}.Debug|Any CPU.Build.0 = Debug|Any CPU
		{F5ABF703-BF10-4BED-B11E-6A431935419B}.Release|Any CPU.ActiveCfg = Release|Any CPU
		{F5ABF703-BF10-4BED-B11E-6A431935419B}.Release|Any CPU.Build.0 = Release|Any CPU
		{FE6FFB91-7979-4D23-8A6A-6BF8A7A1A920}.Debug|Any CPU.ActiveCfg = Debug|Any CPU
		{FE6FFB91-7979-4D23-8A6A-6BF8A7A1A920}.Debug|Any CPU.Build.0 = Debug|Any CPU
		{FE6FFB91-7979-4D23-8A6A-6BF8A7A1A920}.Release|Any CPU.ActiveCfg = Release|Any CPU
		{FE6FFB91-7979-4D23-8A6A-6BF8A7A1A920}.Release|Any CPU.Build.0 = Release|Any CPU
		{F4E4C4DB-B60B-4059-A6F1-9D03DB2BD7C5}.Debug|Any CPU.ActiveCfg = Debug|Any CPU
		{F4E4C4DB-B60B-4059-A6F1-9D03DB2BD7C5}.Debug|Any CPU.Build.0 = Debug|Any CPU
		{F4E4C4DB-B60B-4059-A6F1-9D03DB2BD7C5}.Release|Any CPU.ActiveCfg = Release|Any CPU
		{F4E4C4DB-B60B-4059-A6F1-9D03DB2BD7C5}.Release|Any CPU.Build.0 = Release|Any CPU
		{D63EC3B0-AD83-458D-AAB7-63133328BDFC}.Debug|Any CPU.ActiveCfg = Debug|Any CPU
		{D63EC3B0-AD83-458D-AAB7-63133328BDFC}.Debug|Any CPU.Build.0 = Debug|Any CPU
		{D63EC3B0-AD83-458D-AAB7-63133328BDFC}.Release|Any CPU.ActiveCfg = Release|Any CPU
		{D63EC3B0-AD83-458D-AAB7-63133328BDFC}.Release|Any CPU.Build.0 = Release|Any CPU
		{7B095C4F-491F-4F73-8996-44193A82B993}.Debug|Any CPU.ActiveCfg = Debug|Any CPU
		{7B095C4F-491F-4F73-8996-44193A82B993}.Debug|Any CPU.Build.0 = Debug|Any CPU
		{7B095C4F-491F-4F73-8996-44193A82B993}.Release|Any CPU.ActiveCfg = Release|Any CPU
		{7B095C4F-491F-4F73-8996-44193A82B993}.Release|Any CPU.Build.0 = Release|Any CPU
		{065548DB-7462-4767-873D-4CB3B5D98CF7}.Debug|Any CPU.ActiveCfg = Debug|Any CPU
		{065548DB-7462-4767-873D-4CB3B5D98CF7}.Debug|Any CPU.Build.0 = Debug|Any CPU
		{065548DB-7462-4767-873D-4CB3B5D98CF7}.Release|Any CPU.ActiveCfg = Release|Any CPU
		{065548DB-7462-4767-873D-4CB3B5D98CF7}.Release|Any CPU.Build.0 = Release|Any CPU
		{6E516F33-D3AE-4AE8-A784-B7E3830A4DB9}.Debug|Any CPU.ActiveCfg = Debug|Any CPU
		{6E516F33-D3AE-4AE8-A784-B7E3830A4DB9}.Debug|Any CPU.Build.0 = Debug|Any CPU
		{6E516F33-D3AE-4AE8-A784-B7E3830A4DB9}.Release|Any CPU.ActiveCfg = Release|Any CPU
		{6E516F33-D3AE-4AE8-A784-B7E3830A4DB9}.Release|Any CPU.Build.0 = Release|Any CPU
		{7671D078-0DAB-4961-B2F0-A66725BB3751}.Debug|Any CPU.ActiveCfg = Debug|Any CPU
		{7671D078-0DAB-4961-B2F0-A66725BB3751}.Debug|Any CPU.Build.0 = Debug|Any CPU
		{7671D078-0DAB-4961-B2F0-A66725BB3751}.Release|Any CPU.ActiveCfg = Release|Any CPU
		{7671D078-0DAB-4961-B2F0-A66725BB3751}.Release|Any CPU.Build.0 = Release|Any CPU
		{933EB3C8-423F-4B24-A3EA-B81DE6A58D8A}.Debug|Any CPU.ActiveCfg = Debug|Any CPU
		{933EB3C8-423F-4B24-A3EA-B81DE6A58D8A}.Debug|Any CPU.Build.0 = Debug|Any CPU
		{933EB3C8-423F-4B24-A3EA-B81DE6A58D8A}.Release|Any CPU.ActiveCfg = Release|Any CPU
		{933EB3C8-423F-4B24-A3EA-B81DE6A58D8A}.Release|Any CPU.Build.0 = Release|Any CPU
		{D4A4540D-477A-4775-8324-7AF866308AFA}.Debug|Any CPU.ActiveCfg = Debug|Any CPU
		{D4A4540D-477A-4775-8324-7AF866308AFA}.Debug|Any CPU.Build.0 = Debug|Any CPU
		{D4A4540D-477A-4775-8324-7AF866308AFA}.Release|Any CPU.ActiveCfg = Release|Any CPU
		{D4A4540D-477A-4775-8324-7AF866308AFA}.Release|Any CPU.Build.0 = Release|Any CPU
		{107B80C1-BABC-43F7-8C94-9588C272E52F}.Debug|Any CPU.ActiveCfg = Debug|Any CPU
		{107B80C1-BABC-43F7-8C94-9588C272E52F}.Debug|Any CPU.Build.0 = Debug|Any CPU
		{107B80C1-BABC-43F7-8C94-9588C272E52F}.Release|Any CPU.ActiveCfg = Release|Any CPU
		{107B80C1-BABC-43F7-8C94-9588C272E52F}.Release|Any CPU.Build.0 = Release|Any CPU
		{A55105AD-B7AA-4791-A34F-501374295A67}.Debug|Any CPU.ActiveCfg = Debug|Any CPU
		{A55105AD-B7AA-4791-A34F-501374295A67}.Debug|Any CPU.Build.0 = Debug|Any CPU
		{A55105AD-B7AA-4791-A34F-501374295A67}.Release|Any CPU.ActiveCfg = Release|Any CPU
		{A55105AD-B7AA-4791-A34F-501374295A67}.Release|Any CPU.Build.0 = Release|Any CPU
		{2657A454-777C-4350-9AE6-6536871358F8}.Debug|Any CPU.ActiveCfg = Debug|Any CPU
		{2657A454-777C-4350-9AE6-6536871358F8}.Debug|Any CPU.Build.0 = Debug|Any CPU
		{2657A454-777C-4350-9AE6-6536871358F8}.Release|Any CPU.ActiveCfg = Release|Any CPU
		{2657A454-777C-4350-9AE6-6536871358F8}.Release|Any CPU.Build.0 = Release|Any CPU
		{2660B338-EDF7-4895-A0E4-EB222C3EDBAD}.Debug|Any CPU.ActiveCfg = Debug|Any CPU
		{2660B338-EDF7-4895-A0E4-EB222C3EDBAD}.Debug|Any CPU.Build.0 = Debug|Any CPU
		{2660B338-EDF7-4895-A0E4-EB222C3EDBAD}.Release|Any CPU.ActiveCfg = Release|Any CPU
		{2660B338-EDF7-4895-A0E4-EB222C3EDBAD}.Release|Any CPU.Build.0 = Release|Any CPU
		{42C48508-AA34-461A-B79C-12CD043C2F49}.Debug|Any CPU.ActiveCfg = Debug|Any CPU
		{42C48508-AA34-461A-B79C-12CD043C2F49}.Debug|Any CPU.Build.0 = Debug|Any CPU
		{42C48508-AA34-461A-B79C-12CD043C2F49}.Release|Any CPU.ActiveCfg = Release|Any CPU
		{42C48508-AA34-461A-B79C-12CD043C2F49}.Release|Any CPU.Build.0 = Release|Any CPU
		{6F11F608-615B-4320-AA70-0C804B429E9E}.Debug|Any CPU.ActiveCfg = Debug|Any CPU
		{6F11F608-615B-4320-AA70-0C804B429E9E}.Debug|Any CPU.Build.0 = Debug|Any CPU
		{6F11F608-615B-4320-AA70-0C804B429E9E}.Release|Any CPU.ActiveCfg = Release|Any CPU
		{6F11F608-615B-4320-AA70-0C804B429E9E}.Release|Any CPU.Build.0 = Release|Any CPU
		{159E5B17-69C8-483C-9698-E7A35FB78433}.Debug|Any CPU.ActiveCfg = Debug|Any CPU
		{159E5B17-69C8-483C-9698-E7A35FB78433}.Debug|Any CPU.Build.0 = Debug|Any CPU
		{159E5B17-69C8-483C-9698-E7A35FB78433}.Release|Any CPU.ActiveCfg = Release|Any CPU
		{159E5B17-69C8-483C-9698-E7A35FB78433}.Release|Any CPU.Build.0 = Release|Any CPU
		{625FCD57-E0CD-4213-9A00-B22EE725B6DE}.Debug|Any CPU.ActiveCfg = Debug|Any CPU
		{625FCD57-E0CD-4213-9A00-B22EE725B6DE}.Debug|Any CPU.Build.0 = Debug|Any CPU
		{625FCD57-E0CD-4213-9A00-B22EE725B6DE}.Release|Any CPU.ActiveCfg = Release|Any CPU
		{625FCD57-E0CD-4213-9A00-B22EE725B6DE}.Release|Any CPU.Build.0 = Release|Any CPU
	EndGlobalSection
	GlobalSection(SolutionProperties) = preSolution
		HideSolutionNode = FALSE
	EndGlobalSection
	GlobalSection(NestedProjects) = preSolution
		{F5ABF703-BF10-4BED-B11E-6A431935419B} = {E44EF132-22FA-44EF-B915-2CA2FBC81335}
		{FE6FFB91-7979-4D23-8A6A-6BF8A7A1A920} = {E44EF132-22FA-44EF-B915-2CA2FBC81335}
		{F4E4C4DB-B60B-4059-A6F1-9D03DB2BD7C5} = {E44EF132-22FA-44EF-B915-2CA2FBC81335}
		{D63EC3B0-AD83-458D-AAB7-63133328BDFC} = {52006953-35BD-4A21-AAAA-F25BB9AA6B69}
		{7B095C4F-491F-4F73-8996-44193A82B993} = {52006953-35BD-4A21-AAAA-F25BB9AA6B69}
		{065548DB-7462-4767-873D-4CB3B5D98CF7} = {52006953-35BD-4A21-AAAA-F25BB9AA6B69}
		{6E516F33-D3AE-4AE8-A784-B7E3830A4DB9} = {3899BEEE-2CB8-4F06-9F65-0916071EDFF2}
		{7671D078-0DAB-4961-B2F0-A66725BB3751} = {3899BEEE-2CB8-4F06-9F65-0916071EDFF2}
		{933EB3C8-423F-4B24-A3EA-B81DE6A58D8A} = {3899BEEE-2CB8-4F06-9F65-0916071EDFF2}
		{D4A4540D-477A-4775-8324-7AF866308AFA} = {F148208B-02FF-45F0-86FC-DA570236BF7A}
		{107B80C1-BABC-43F7-8C94-9588C272E52F} = {F148208B-02FF-45F0-86FC-DA570236BF7A}
		{A55105AD-B7AA-4791-A34F-501374295A67} = {F148208B-02FF-45F0-86FC-DA570236BF7A}
		{2657A454-777C-4350-9AE6-6536871358F8} = {DBDAF130-A304-42EB-90D6-0A230EF4D1EA}
		{2660B338-EDF7-4895-A0E4-EB222C3EDBAD} = {DBDAF130-A304-42EB-90D6-0A230EF4D1EA}
		{42C48508-AA34-461A-B79C-12CD043C2F49} = {DBDAF130-A304-42EB-90D6-0A230EF4D1EA}
		{6F11F608-615B-4320-AA70-0C804B429E9E} = {D91676EE-E00D-4255-A195-F0276225A36C}
		{159E5B17-69C8-483C-9698-E7A35FB78433} = {D91676EE-E00D-4255-A195-F0276225A36C}
		{625FCD57-E0CD-4213-9A00-B22EE725B6DE} = {D91676EE-E00D-4255-A195-F0276225A36C}
	EndGlobalSection
	GlobalSection(ExtensibilityGlobals) = postSolution
		SolutionGuid = {C50DF045-F8E1-400D-B85D-4D625B9FF09E}
	EndGlobalSection
EndGlobal
